// !$*UTF8*$!
{
	archiveVersion = 1;
	classes = {
	};
	objectVersion = 51;
	objects = {

/* Begin PBXBuildFile section */
		692A1DC824C87E1400B0A8ED /* AppDelegate.swift in Sources */ = {isa = PBXBuildFile; fileRef = 692A1DC724C87E1400B0A8ED /* AppDelegate.swift */; };
		692A1DCA24C87E1400B0A8ED /* SceneDelegate.swift in Sources */ = {isa = PBXBuildFile; fileRef = 692A1DC924C87E1400B0A8ED /* SceneDelegate.swift */; };
		692A1DCC24C87E1400B0A8ED /* SignInVC.swift in Sources */ = {isa = PBXBuildFile; fileRef = 692A1DCB24C87E1400B0A8ED /* SignInVC.swift */; };
		692A1DCF24C87E1400B0A8ED /* Main.storyboard in Resources */ = {isa = PBXBuildFile; fileRef = 692A1DCD24C87E1400B0A8ED /* Main.storyboard */; };
		692A1DD124C87E1800B0A8ED /* Assets.xcassets in Resources */ = {isa = PBXBuildFile; fileRef = 692A1DD024C87E1800B0A8ED /* Assets.xcassets */; };
		692A1DD424C87E1800B0A8ED /* LaunchScreen.storyboard in Resources */ = {isa = PBXBuildFile; fileRef = 692A1DD224C87E1800B0A8ED /* LaunchScreen.storyboard */; };
		692A1DDC24C87EAE00B0A8ED /* GoogleService-Info.plist in Resources */ = {isa = PBXBuildFile; fileRef = 692A1DDB24C87EAE00B0A8ED /* GoogleService-Info.plist */; };
		692A1DDE24C8835000B0A8ED /* FeedVC.swift in Sources */ = {isa = PBXBuildFile; fileRef = 692A1DDD24C8835000B0A8ED /* FeedVC.swift */; };
		692A1DEC24C89C6D00B0A8ED /* SnapVC.swift in Sources */ = {isa = PBXBuildFile; fileRef = 692A1DEB24C89C6D00B0A8ED /* SnapVC.swift */; };
		692A1DEE24C89F0600B0A8ED /* UploadVC.swift in Sources */ = {isa = PBXBuildFile; fileRef = 692A1DED24C89F0600B0A8ED /* UploadVC.swift */; };
		692A1DF024C8A07900B0A8ED /* SettingsVC.swift in Sources */ = {isa = PBXBuildFile; fileRef = 692A1DEF24C8A07900B0A8ED /* SettingsVC.swift */; };
		693C52BF24D845A400BB0F8E /* FeedCell.swift in Sources */ = {isa = PBXBuildFile; fileRef = 693C52BE24D845A400BB0F8E /* FeedCell.swift */; };
		69A3F11D24C9DBB400AE2F18 /* UserSingleton.swift in Sources */ = {isa = PBXBuildFile; fileRef = 69A3F11C24C9DBB400AE2F18 /* UserSingleton.swift */; };
		C32001E9DBACF3BE851D558A /* Pods_snapchat_clone.framework in Frameworks */ = {isa = PBXBuildFile; fileRef = 8F0C06C96A2FA59431855C3C /* Pods_snapchat_clone.framework */; };
/* End PBXBuildFile section */

/* Begin PBXFileReference section */
		692A1DC424C87E1400B0A8ED /* snapchat-clone.app */ = {isa = PBXFileReference; explicitFileType = wrapper.application; includeInIndex = 0; path = "snapchat-clone.app"; sourceTree = BUILT_PRODUCTS_DIR; };
		692A1DC724C87E1400B0A8ED /* AppDelegate.swift */ = {isa = PBXFileReference; lastKnownFileType = sourcecode.swift; path = AppDelegate.swift; sourceTree = "<group>"; };
		692A1DC924C87E1400B0A8ED /* SceneDelegate.swift */ = {isa = PBXFileReference; lastKnownFileType = sourcecode.swift; path = SceneDelegate.swift; sourceTree = "<group>"; };
		692A1DCB24C87E1400B0A8ED /* SignInVC.swift */ = {isa = PBXFileReference; lastKnownFileType = sourcecode.swift; path = SignInVC.swift; sourceTree = "<group>"; };
		692A1DCE24C87E1400B0A8ED /* Base */ = {isa = PBXFileReference; lastKnownFileType = file.storyboard; name = Base; path = Base.lproj/Main.storyboard; sourceTree = "<group>"; };
		692A1DD024C87E1800B0A8ED /* Assets.xcassets */ = {isa = PBXFileReference; lastKnownFileType = folder.assetcatalog; path = Assets.xcassets; sourceTree = "<group>"; };
		692A1DD324C87E1800B0A8ED /* Base */ = {isa = PBXFileReference; lastKnownFileType = file.storyboard; name = Base; path = Base.lproj/LaunchScreen.storyboard; sourceTree = "<group>"; };
		692A1DD524C87E1800B0A8ED /* Info.plist */ = {isa = PBXFileReference; lastKnownFileType = text.plist.xml; path = Info.plist; sourceTree = "<group>"; };
		692A1DDB24C87EAE00B0A8ED /* GoogleService-Info.plist */ = {isa = PBXFileReference; fileEncoding = 4; lastKnownFileType = text.plist.xml; path = "GoogleService-Info.plist"; sourceTree = "<group>"; };
		692A1DDD24C8835000B0A8ED /* FeedVC.swift */ = {isa = PBXFileReference; lastKnownFileType = sourcecode.swift; path = FeedVC.swift; sourceTree = "<group>"; };
		692A1DEB24C89C6D00B0A8ED /* SnapVC.swift */ = {isa = PBXFileReference; lastKnownFileType = sourcecode.swift; path = SnapVC.swift; sourceTree = "<group>"; };
		692A1DED24C89F0600B0A8ED /* UploadVC.swift */ = {isa = PBXFileReference; lastKnownFileType = sourcecode.swift; path = UploadVC.swift; sourceTree = "<group>"; };
		692A1DEF24C8A07900B0A8ED /* SettingsVC.swift */ = {isa = PBXFileReference; lastKnownFileType = sourcecode.swift; path = SettingsVC.swift; sourceTree = "<group>"; };
		693C52BE24D845A400BB0F8E /* FeedCell.swift */ = {isa = PBXFileReference; lastKnownFileType = sourcecode.swift; path = FeedCell.swift; sourceTree = "<group>"; };
		69A3F11C24C9DBB400AE2F18 /* UserSingleton.swift */ = {isa = PBXFileReference; lastKnownFileType = sourcecode.swift; path = UserSingleton.swift; sourceTree = "<group>"; };
		8F0C06C96A2FA59431855C3C /* Pods_snapchat_clone.framework */ = {isa = PBXFileReference; explicitFileType = wrapper.framework; includeInIndex = 0; path = Pods_snapchat_clone.framework; sourceTree = BUILT_PRODUCTS_DIR; };
		AB2741DF0CD9C8AD3D20ABF4 /* Pods-snapchat-clone.debug.xcconfig */ = {isa = PBXFileReference; includeInIndex = 1; lastKnownFileType = text.xcconfig; name = "Pods-snapchat-clone.debug.xcconfig"; path = "Target Support Files/Pods-snapchat-clone/Pods-snapchat-clone.debug.xcconfig"; sourceTree = "<group>"; };
		ECE91AC1B28BBFDFCF8D14D3 /* Pods-snapchat-clone.release.xcconfig */ = {isa = PBXFileReference; includeInIndex = 1; lastKnownFileType = text.xcconfig; name = "Pods-snapchat-clone.release.xcconfig"; path = "Target Support Files/Pods-snapchat-clone/Pods-snapchat-clone.release.xcconfig"; sourceTree = "<group>"; };
/* End PBXFileReference section */

/* Begin PBXFrameworksBuildPhase section */
		692A1DC124C87E1400B0A8ED /* Frameworks */ = {
			isa = PBXFrameworksBuildPhase;
			buildActionMask = 2147483647;
			files = (
				C32001E9DBACF3BE851D558A /* Pods_snapchat_clone.framework in Frameworks */,
			);
			runOnlyForDeploymentPostprocessing = 0;
		};
/* End PBXFrameworksBuildPhase section */

/* Begin PBXGroup section */
		494F14CD3A86D83A1C16122F /* Frameworks */ = {
			isa = PBXGroup;
			children = (
				8F0C06C96A2FA59431855C3C /* Pods_snapchat_clone.framework */,
			);
			name = Frameworks;
			sourceTree = "<group>";
		};
		692A1DBB24C87E1400B0A8ED = {
			isa = PBXGroup;
			children = (
				692A1DC624C87E1400B0A8ED /* snapchat-clone */,
				692A1DC524C87E1400B0A8ED /* Products */,
				95E261E6D99C1BEB768C1B0F /* Pods */,
				494F14CD3A86D83A1C16122F /* Frameworks */,
			);
			sourceTree = "<group>";
		};
		692A1DC524C87E1400B0A8ED /* Products */ = {
			isa = PBXGroup;
			children = (
				692A1DC424C87E1400B0A8ED /* snapchat-clone.app */,
			);
			name = Products;
			sourceTree = "<group>";
		};
		692A1DC624C87E1400B0A8ED /* snapchat-clone */ = {
			isa = PBXGroup;
			children = (
				69A3F11924C9DB3300AE2F18 /* Model */,
				692A1DE424C8839D00B0A8ED /* Delegates */,
				692A1DE324C8838600B0A8ED /* View Controllers */,
				692A1DCD24C87E1400B0A8ED /* Main.storyboard */,
				692A1DDB24C87EAE00B0A8ED /* GoogleService-Info.plist */,
				692A1DD024C87E1800B0A8ED /* Assets.xcassets */,
				692A1DD224C87E1800B0A8ED /* LaunchScreen.storyboard */,
				692A1DD524C87E1800B0A8ED /* Info.plist */,
				693C52BE24D845A400BB0F8E /* FeedCell.swift */,
			);
			path = "snapchat-clone";
			sourceTree = "<group>";
		};
		692A1DE324C8838600B0A8ED /* View Controllers */ = {
			isa = PBXGroup;
			children = (
				692A1DCB24C87E1400B0A8ED /* SignInVC.swift */,
				692A1DDD24C8835000B0A8ED /* FeedVC.swift */,
				692A1DEB24C89C6D00B0A8ED /* SnapVC.swift */,
				692A1DED24C89F0600B0A8ED /* UploadVC.swift */,
				692A1DEF24C8A07900B0A8ED /* SettingsVC.swift */,
			);
			path = "View Controllers";
			sourceTree = "<group>";
		};
		692A1DE424C8839D00B0A8ED /* Delegates */ = {
			isa = PBXGroup;
			children = (
				692A1DC724C87E1400B0A8ED /* AppDelegate.swift */,
				692A1DC924C87E1400B0A8ED /* SceneDelegate.swift */,
			);
			path = Delegates;
			sourceTree = "<group>";
		};
		69A3F11924C9DB3300AE2F18 /* Model */ = {
			isa = PBXGroup;
			children = (
				69A3F11C24C9DBB400AE2F18 /* UserSingleton.swift */,
			);
			name = Model;
			path = "New Group";
			sourceTree = "<group>";
		};
		95E261E6D99C1BEB768C1B0F /* Pods */ = {
			isa = PBXGroup;
			children = (
				AB2741DF0CD9C8AD3D20ABF4 /* Pods-snapchat-clone.debug.xcconfig */,
				ECE91AC1B28BBFDFCF8D14D3 /* Pods-snapchat-clone.release.xcconfig */,
			);
			path = Pods;
			sourceTree = "<group>";
		};
/* End PBXGroup section */

/* Begin PBXNativeTarget section */
		692A1DC324C87E1400B0A8ED /* snapchat-clone */ = {
			isa = PBXNativeTarget;
			buildConfigurationList = 692A1DD824C87E1800B0A8ED /* Build configuration list for PBXNativeTarget "snapchat-clone" */;
			buildPhases = (
				D1CDC027AC0ADA3DB356F672 /* [CP] Check Pods Manifest.lock */,
				692A1DC024C87E1400B0A8ED /* Sources */,
				692A1DC124C87E1400B0A8ED /* Frameworks */,
				692A1DC224C87E1400B0A8ED /* Resources */,
				30E307477C91C509D4C29505 /* [CP] Embed Pods Frameworks */,
			);
			buildRules = (
			);
			dependencies = (
			);
			name = "snapchat-clone";
			productName = "snapchat-clone";
			productReference = 692A1DC424C87E1400B0A8ED /* snapchat-clone.app */;
			productType = "com.apple.product-type.application";
		};
/* End PBXNativeTarget section */

/* Begin PBXProject section */
		692A1DBC24C87E1400B0A8ED /* Project object */ = {
			isa = PBXProject;
			attributes = {
				LastSwiftUpdateCheck = 1160;
				LastUpgradeCheck = 1160;
				ORGANIZATIONNAME = "Athanasios Canko";
				TargetAttributes = {
					692A1DC324C87E1400B0A8ED = {
						CreatedOnToolsVersion = 11.6;
					};
				};
			};
			buildConfigurationList = 692A1DBF24C87E1400B0A8ED /* Build configuration list for PBXProject "snapchat-clone" */;
			compatibilityVersion = "Xcode 9.3";
			developmentRegion = en;
			hasScannedForEncodings = 0;
			knownRegions = (
				en,
				Base,
			);
			mainGroup = 692A1DBB24C87E1400B0A8ED;
			productRefGroup = 692A1DC524C87E1400B0A8ED /* Products */;
			projectDirPath = "";
			projectRoot = "";
			targets = (
				692A1DC324C87E1400B0A8ED /* snapchat-clone */,
			);
		};
/* End PBXProject section */

/* Begin PBXResourcesBuildPhase section */
		692A1DC224C87E1400B0A8ED /* Resources */ = {
			isa = PBXResourcesBuildPhase;
			buildActionMask = 2147483647;
			files = (
				692A1DD424C87E1800B0A8ED /* LaunchScreen.storyboard in Resources */,
				692A1DDC24C87EAE00B0A8ED /* GoogleService-Info.plist in Resources */,
				692A1DD124C87E1800B0A8ED /* Assets.xcassets in Resources */,
				692A1DCF24C87E1400B0A8ED /* Main.storyboard in Resources */,
			);
			runOnlyForDeploymentPostprocessing = 0;
		};
/* End PBXResourcesBuildPhase section */

/* Begin PBXShellScriptBuildPhase section */
		30E307477C91C509D4C29505 /* [CP] Embed Pods Frameworks */ = {
			isa = PBXShellScriptBuildPhase;
			buildActionMask = 2147483647;
			files = (
			);
			inputFileListPaths = (
				"${PODS_ROOT}/Target Support Files/Pods-snapchat-clone/Pods-snapchat-clone-frameworks-${CONFIGURATION}-input-files.xcfilelist",
			);
			name = "[CP] Embed Pods Frameworks";
			outputFileListPaths = (
				"${PODS_ROOT}/Target Support Files/Pods-snapchat-clone/Pods-snapchat-clone-frameworks-${CONFIGURATION}-output-files.xcfilelist",
			);
			runOnlyForDeploymentPostprocessing = 0;
			shellPath = /bin/sh;
			shellScript = "\"${PODS_ROOT}/Target Support Files/Pods-snapchat-clone/Pods-snapchat-clone-frameworks.sh\"\n";
			showEnvVarsInLog = 0;
		};
		D1CDC027AC0ADA3DB356F672 /* [CP] Check Pods Manifest.lock */ = {
			isa = PBXShellScriptBuildPhase;
			buildActionMask = 2147483647;
			files = (
			);
			inputFileListPaths = (
			);
			inputPaths = (
				"${PODS_PODFILE_DIR_PATH}/Podfile.lock",
				"${PODS_ROOT}/Manifest.lock",
			);
			name = "[CP] Check Pods Manifest.lock";
			outputFileListPaths = (
			);
			outputPaths = (
				"$(DERIVED_FILE_DIR)/Pods-snapchat-clone-checkManifestLockResult.txt",
			);
			runOnlyForDeploymentPostprocessing = 0;
			shellPath = /bin/sh;
			shellScript = "diff \"${PODS_PODFILE_DIR_PATH}/Podfile.lock\" \"${PODS_ROOT}/Manifest.lock\" > /dev/null\nif [ $? != 0 ] ; then\n    # print error to STDERR\n    echo \"error: The sandbox is not in sync with the Podfile.lock. Run 'pod install' or update your CocoaPods installation.\" >&2\n    exit 1\nfi\n# This output is used by Xcode 'outputs' to avoid re-running this script phase.\necho \"SUCCESS\" > \"${SCRIPT_OUTPUT_FILE_0}\"\n";
			showEnvVarsInLog = 0;
		};
/* End PBXShellScriptBuildPhase section */

/* Begin PBXSourcesBuildPhase section */
		692A1DC024C87E1400B0A8ED /* Sources */ = {
			isa = PBXSourcesBuildPhase;
			buildActionMask = 2147483647;
			files = (
				69A3F11D24C9DBB400AE2F18 /* UserSingleton.swift in Sources */,
				692A1DDE24C8835000B0A8ED /* FeedVC.swift in Sources */,
				692A1DCC24C87E1400B0A8ED /* SignInVC.swift in Sources */,
				692A1DC824C87E1400B0A8ED /* AppDelegate.swift in Sources */,
				692A1DEC24C89C6D00B0A8ED /* SnapVC.swift in Sources */,
				692A1DCA24C87E1400B0A8ED /* SceneDelegate.swift in Sources */,
				692A1DEE24C89F0600B0A8ED /* UploadVC.swift in Sources */,
				692A1DF024C8A07900B0A8ED /* SettingsVC.swift in Sources */,
				693C52BF24D845A400BB0F8E /* FeedCell.swift in Sources */,
			);
			runOnlyForDeploymentPostprocessing = 0;
		};
/* End PBXSourcesBuildPhase section */

/* Begin PBXVariantGroup section */
		692A1DCD24C87E1400B0A8ED /* Main.storyboard */ = {
			isa = PBXVariantGroup;
			children = (
				692A1DCE24C87E1400B0A8ED /* Base */,
			);
			name = Main.storyboard;
			sourceTree = "<group>";
		};
		692A1DD224C87E1800B0A8ED /* LaunchScreen.storyboard */ = {
			isa = PBXVariantGroup;
			children = (
				692A1DD324C87E1800B0A8ED /* Base */,
			);
			name = LaunchScreen.storyboard;
			sourceTree = "<group>";
		};
/* End PBXVariantGroup section */

/* Begin XCBuildConfiguration section */
		692A1DD624C87E1800B0A8ED /* Debug */ = {
			isa = XCBuildConfiguration;
			buildSettings = {
				ALWAYS_SEARCH_USER_PATHS = NO;
				CLANG_ANALYZER_NONNULL = YES;
				CLANG_ANALYZER_NUMBER_OBJECT_CONVERSION = YES_AGGRESSIVE;
				CLANG_CXX_LANGUAGE_STANDARD = "gnu++14";
				CLANG_CXX_LIBRARY = "libc++";
				CLANG_ENABLE_MODULES = YES;
				CLANG_ENABLE_OBJC_ARC = YES;
				CLANG_ENABLE_OBJC_WEAK = YES;
				CLANG_WARN_BLOCK_CAPTURE_AUTORELEASING = YES;
				CLANG_WARN_BOOL_CONVERSION = YES;
				CLANG_WARN_COMMA = YES;
				CLANG_WARN_CONSTANT_CONVERSION = YES;
				CLANG_WARN_DEPRECATED_OBJC_IMPLEMENTATIONS = YES;
				CLANG_WARN_DIRECT_OBJC_ISA_USAGE = YES_ERROR;
				CLANG_WARN_DOCUMENTATION_COMMENTS = YES;
				CLANG_WARN_EMPTY_BODY = YES;
				CLANG_WARN_ENUM_CONVERSION = YES;
				CLANG_WARN_INFINITE_RECURSION = YES;
				CLANG_WARN_INT_CONVERSION = YES;
				CLANG_WARN_NON_LITERAL_NULL_CONVERSION = YES;
				CLANG_WARN_OBJC_IMPLICIT_RETAIN_SELF = YES;
				CLANG_WARN_OBJC_LITERAL_CONVERSION = YES;
				CLANG_WARN_OBJC_ROOT_CLASS = YES_ERROR;
				CLANG_WARN_RANGE_LOOP_ANALYSIS = YES;
				CLANG_WARN_STRICT_PROTOTYPES = YES;
				CLANG_WARN_SUSPICIOUS_MOVE = YES;
				CLANG_WARN_UNGUARDED_AVAILABILITY = YES_AGGRESSIVE;
				CLANG_WARN_UNREACHABLE_CODE = YES;
				CLANG_WARN__DUPLICATE_METHOD_MATCH = YES;
				COPY_PHASE_STRIP = NO;
				DEBUG_INFORMATION_FORMAT = dwarf;
				ENABLE_STRICT_OBJC_MSGSEND = YES;
				ENABLE_TESTABILITY = YES;
				GCC_C_LANGUAGE_STANDARD = gnu11;
				GCC_DYNAMIC_NO_PIC = NO;
				GCC_NO_COMMON_BLOCKS = YES;
				GCC_OPTIMIZATION_LEVEL = 0;
				GCC_PREPROCESSOR_DEFINITIONS = (
					"DEBUG=1",
					"$(inherited)",
				);
				GCC_WARN_64_TO_32_BIT_CONVERSION = YES;
				GCC_WARN_ABOUT_RETURN_TYPE = YES_ERROR;
				GCC_WARN_UNDECLARED_SELECTOR = YES;
				GCC_WARN_UNINITIALIZED_AUTOS = YES_AGGRESSIVE;
				GCC_WARN_UNUSED_FUNCTION = YES;
				GCC_WARN_UNUSED_VARIABLE = YES;
				IPHONEOS_DEPLOYMENT_TARGET = 13.6;
				MTL_ENABLE_DEBUG_INFO = INCLUDE_SOURCE;
				MTL_FAST_MATH = YES;
				ONLY_ACTIVE_ARCH = YES;
				SDKROOT = iphoneos;
				SWIFT_ACTIVE_COMPILATION_CONDITIONS = DEBUG;
				SWIFT_OPTIMIZATION_LEVEL = "-Onone";
			};
			name = Debug;
		};
		692A1DD724C87E1800B0A8ED /* Release */ = {
			isa = XCBuildConfiguration;
			buildSettings = {
				ALWAYS_SEARCH_USER_PATHS = NO;
				CLANG_ANALYZER_NONNULL = YES;
				CLANG_ANALYZER_NUMBER_OBJECT_CONVERSION = YES_AGGRESSIVE;
				CLANG_CXX_LANGUAGE_STANDARD = "gnu++14";
				CLANG_CXX_LIBRARY = "libc++";
				CLANG_ENABLE_MODULES = YES;
				CLANG_ENABLE_OBJC_ARC = YES;
				CLANG_ENABLE_OBJC_WEAK = YES;
				CLANG_WARN_BLOCK_CAPTURE_AUTORELEASING = YES;
				CLANG_WARN_BOOL_CONVERSION = YES;
				CLANG_WARN_COMMA = YES;
				CLANG_WARN_CONSTANT_CONVERSION = YES;
				CLANG_WARN_DEPRECATED_OBJC_IMPLEMENTATIONS = YES;
				CLANG_WARN_DIRECT_OBJC_ISA_USAGE = YES_ERROR;
				CLANG_WARN_DOCUMENTATION_COMMENTS = YES;
				CLANG_WARN_EMPTY_BODY = YES;
				CLANG_WARN_ENUM_CONVERSION = YES;
				CLANG_WARN_INFINITE_RECURSION = YES;
				CLANG_WARN_INT_CONVERSION = YES;
				CLANG_WARN_NON_LITERAL_NULL_CONVERSION = YES;
				CLANG_WARN_OBJC_IMPLICIT_RETAIN_SELF = YES;
				CLANG_WARN_OBJC_LITERAL_CONVERSION = YES;
				CLANG_WARN_OBJC_ROOT_CLASS = YES_ERROR;
				CLANG_WARN_RANGE_LOOP_ANALYSIS = YES;
				CLANG_WARN_STRICT_PROTOTYPES = YES;
				CLANG_WARN_SUSPICIOUS_MOVE = YES;
				CLANG_WARN_UNGUARDED_AVAILABILITY = YES_AGGRESSIVE;
				CLANG_WARN_UNREACHABLE_CODE = YES;
				CLANG_WARN__DUPLICATE_METHOD_MATCH = YES;
				COPY_PHASE_STRIP = NO;
				DEBUG_INFORMATION_FORMAT = "dwarf-with-dsym";
				ENABLE_NS_ASSERTIONS = NO;
				ENABLE_STRICT_OBJC_MSGSEND = YES;
				GCC_C_LANGUAGE_STANDARD = gnu11;
				GCC_NO_COMMON_BLOCKS = YES;
				GCC_WARN_64_TO_32_BIT_CONVERSION = YES;
				GCC_WARN_ABOUT_RETURN_TYPE = YES_ERROR;
				GCC_WARN_UNDECLARED_SELECTOR = YES;
				GCC_WARN_UNINITIALIZED_AUTOS = YES_AGGRESSIVE;
				GCC_WARN_UNUSED_FUNCTION = YES;
				GCC_WARN_UNUSED_VARIABLE = YES;
				IPHONEOS_DEPLOYMENT_TARGET = 13.6;
				MTL_ENABLE_DEBUG_INFO = NO;
				MTL_FAST_MATH = YES;
				SDKROOT = iphoneos;
				SWIFT_COMPILATION_MODE = wholemodule;
				SWIFT_OPTIMIZATION_LEVEL = "-O";
				VALIDATE_PRODUCT = YES;
			};
			name = Release;
		};
		692A1DD924C87E1800B0A8ED /* Debug */ = {
			isa = XCBuildConfiguration;
			baseConfigurationReference = AB2741DF0CD9C8AD3D20ABF4 /* Pods-snapchat-clone.debug.xcconfig */;
			buildSettings = {
				ASSETCATALOG_COMPILER_APPICON_NAME = AppIcon;
				CODE_SIGN_STYLE = Automatic;
				DEVELOPMENT_TEAM = LLSJJNTLHW;
				INFOPLIST_FILE = "snapchat-clone/Info.plist";
				LD_RUNPATH_SEARCH_PATHS = (
					"$(inherited)",
					"@executable_path/Frameworks",
				);
				PRODUCT_BUNDLE_IDENTIFIER = "Athanasios-Canko.snapchat-clone";
				PRODUCT_NAME = "$(TARGET_NAME)";
				SWIFT_VERSION = 5.0;
				TARGETED_DEVICE_FAMILY = 1;
			};
			name = Debug;
		};
		692A1DDA24C87E1800B0A8ED /* Release */ = {
			isa = XCBuildConfiguration;
			baseConfigurationReference = ECE91AC1B28BBFDFCF8D14D3 /* Pods-snapchat-clone.release.xcconfig */;
			buildSettings = {
				ASSETCATALOG_COMPILER_APPICON_NAME = AppIcon;
				CODE_SIGN_STYLE = Automatic;
				DEVELOPMENT_TEAM = LLSJJNTLHW;
				INFOPLIST_FILE = "snapchat-clone/Info.plist";
				LD_RUNPATH_SEARCH_PATHS = (
					"$(inherited)",
					"@executable_path/Frameworks",
				);
				PRODUCT_BUNDLE_IDENTIFIER = "Athanasios-Canko.snapchat-clone";
				PRODUCT_NAME = "$(TARGET_NAME)";
				SWIFT_VERSION = 5.0;
				TARGETED_DEVICE_FAMILY = 1;
			};
			name = Release;
		};
/* End XCBuildConfiguration section */

/* Begin XCConfigurationList section */
		692A1DBF24C87E1400B0A8ED /* Build configuration list for PBXProject "snapchat-clone" */ = {
			isa = XCConfigurationList;
			buildConfigurations = (
				692A1DD624C87E1800B0A8ED /* Debug */,
				692A1DD724C87E1800B0A8ED /* Release */,
			);
			defaultConfigurationIsVisible = 0;
			defaultConfigurationName = Release;
		};
		692A1DD824C87E1800B0A8ED /* Build configuration list for PBXNativeTarget "snapchat-clone" */ = {
			isa = XCConfigurationList;
			buildConfigurations = (
				692A1DD924C87E1800B0A8ED /* Debug */,
				692A1DDA24C87E1800B0A8ED /* Release */,
			);
			defaultConfigurationIsVisible = 0;
			defaultConfigurationName = Release;
		};
/* End XCConfigurationList section */
	};
	rootObject = 692A1DBC24C87E1400B0A8ED /* Project object */;
}
