// !$*UTF8*$!
{
	archiveVersion = 1;
	classes = {
	};
	objectVersion = 50;
	objects = {

/* Begin PBXBuildFile section */
		69D4C3FD244338E9002DF43A /* AppDelegate.swift in Sources */ = {isa = PBXBuildFile; fileRef = 69D4C3FC244338E9002DF43A /* AppDelegate.swift */; };
		69D4C3FF244338E9002DF43A /* SceneDelegate.swift in Sources */ = {isa = PBXBuildFile; fileRef = 69D4C3FE244338E9002DF43A /* SceneDelegate.swift */; };
		69D4C401244338E9002DF43A /* ViewController.swift in Sources */ = {isa = PBXBuildFile; fileRef = 69D4C400244338E9002DF43A /* ViewController.swift */; };
		69D4C404244338E9002DF43A /* Main.storyboard in Resources */ = {isa = PBXBuildFile; fileRef = 69D4C402244338E9002DF43A /* Main.storyboard */; };
		69D4C406244338EB002DF43A /* Assets.xcassets in Resources */ = {isa = PBXBuildFile; fileRef = 69D4C405244338EB002DF43A /* Assets.xcassets */; };
		69D4C409244338EB002DF43A /* LaunchScreen.storyboard in Resources */ = {isa = PBXBuildFile; fileRef = 69D4C407244338EB002DF43A /* LaunchScreen.storyboard */; };
/* End PBXBuildFile section */

/* Begin PBXFileReference section */
		69D4C3F9244338E9002DF43A /* alert-generator.app */ = {isa = PBXFileReference; explicitFileType = wrapper.application; includeInIndex = 0; path = "alert-generator.app"; sourceTree = BUILT_PRODUCTS_DIR; };
		69D4C3FC244338E9002DF43A /* AppDelegate.swift */ = {isa = PBXFileReference; lastKnownFileType = sourcecode.swift; path = AppDelegate.swift; sourceTree = "<group>"; };
		69D4C3FE244338E9002DF43A /* SceneDelegate.swift */ = {isa = PBXFileReference; lastKnownFileType = sourcecode.swift; path = SceneDelegate.swift; sourceTree = "<group>"; };
		69D4C400244338E9002DF43A /* ViewController.swift */ = {isa = PBXFileReference; lastKnownFileType = sourcecode.swift; path = ViewController.swift; sourceTree = "<group>"; };
		69D4C403244338E9002DF43A /* Base */ = {isa = PBXFileReference; lastKnownFileType = file.storyboard; name = Base; path = Base.lproj/Main.storyboard; sourceTree = "<group>"; };
		69D4C405244338EB002DF43A /* Assets.xcassets */ = {isa = PBXFileReference; lastKnownFileType = folder.assetcatalog; path = Assets.xcassets; sourceTree = "<group>"; };
		69D4C408244338EB002DF43A /* Base */ = {isa = PBXFileReference; lastKnownFileType = file.storyboard; name = Base; path = Base.lproj/LaunchScreen.storyboard; sourceTree = "<group>"; };
		69D4C40A244338EB002DF43A /* Info.plist */ = {isa = PBXFileReference; lastKnownFileType = text.plist.xml; path = Info.plist; sourceTree = "<group>"; };
/* End PBXFileReference section */

/* Begin PBXFrameworksBuildPhase section */
		69D4C3F6244338E9002DF43A /* Frameworks */ = {
			isa = PBXFrameworksBuildPhase;
			buildActionMask = 2147483647;
			files = (
			);
			runOnlyForDeploymentPostprocessing = 0;
		};
/* End PBXFrameworksBuildPhase section */

/* Begin PBXGroup section */
		69D4C3F0244338E9002DF43A = {
			isa = PBXGroup;
			children = (
				69D4C3FB244338E9002DF43A /* alert-generator */,
				69D4C3FA244338E9002DF43A /* Products */,
			);
			sourceTree = "<group>";
		};
		69D4C3FA244338E9002DF43A /* Products */ = {
			isa = PBXGroup;
			children = (
				69D4C3F9244338E9002DF43A /* alert-generator.app */,
			);
			name = Products;
			sourceTree = "<group>";
		};
		69D4C3FB244338E9002DF43A /* alert-generator */ = {
			isa = PBXGroup;
			children = (
				69D4C3FC244338E9002DF43A /* AppDelegate.swift */,
				69D4C3FE244338E9002DF43A /* SceneDelegate.swift */,
				69D4C400244338E9002DF43A /* ViewController.swift */,
				69D4C402244338E9002DF43A /* Main.storyboard */,
				69D4C405244338EB002DF43A /* Assets.xcassets */,
				69D4C407244338EB002DF43A /* LaunchScreen.storyboard */,
				69D4C40A244338EB002DF43A /* Info.plist */,
			);
			path = "alert-generator";
			sourceTree = "<group>";
		};
/* End PBXGroup section */

/* Begin PBXNativeTarget section */
		69D4C3F8244338E9002DF43A /* alert-generator */ = {
			isa = PBXNativeTarget;
			buildConfigurationList = 69D4C40D244338EB002DF43A /* Build configuration list for PBXNativeTarget "alert-generator" */;
			buildPhases = (
				69D4C3F5244338E9002DF43A /* Sources */,
				69D4C3F6244338E9002DF43A /* Frameworks */,
				69D4C3F7244338E9002DF43A /* Resources */,
			);
			buildRules = (
			);
			dependencies = (
			);
			name = "alert-generator";
			productName = "alert-generator";
			productReference = 69D4C3F9244338E9002DF43A /* alert-generator.app */;
			productType = "com.apple.product-type.application";
		};
/* End PBXNativeTarget section */

/* Begin PBXProject section */
		69D4C3F1244338E9002DF43A /* Project object */ = {
			isa = PBXProject;
			attributes = {
				LastSwiftUpdateCheck = 1140;
				LastUpgradeCheck = 1140;
				ORGANIZATIONNAME = "Athanasios Canko";
				TargetAttributes = {
					69D4C3F8244338E9002DF43A = {
						CreatedOnToolsVersion = 11.4;
					};
				};
			};
			buildConfigurationList = 69D4C3F4244338E9002DF43A /* Build configuration list for PBXProject "alert-generator" */;
			compatibilityVersion = "Xcode 9.3";
			developmentRegion = en;
			hasScannedForEncodings = 0;
			knownRegions = (
				en,
				Base,
			);
			mainGroup = 69D4C3F0244338E9002DF43A;
			productRefGroup = 69D4C3FA244338E9002DF43A /* Products */;
			projectDirPath = "";
			projectRoot = "";
			targets = (
				69D4C3F8244338E9002DF43A /* alert-generator */,
			);
		};
/* End PBXProject section */

/* Begin PBXResourcesBuildPhase section */
		69D4C3F7244338E9002DF43A /* Resources */ = {
			isa = PBXResourcesBuildPhase;
			buildActionMask = 2147483647;
			files = (
				69D4C409244338EB002DF43A /* LaunchScreen.storyboard in Resources */,
				69D4C406244338EB002DF43A /* Assets.xcassets in Resources */,
				69D4C404244338E9002DF43A /* Main.storyboard in Resources */,
			);
			runOnlyForDeploymentPostprocessing = 0;
		};
/* End PBXResourcesBuildPhase section */

/* Begin PBXSourcesBuildPhase section */
		69D4C3F5244338E9002DF43A /* Sources */ = {
			isa = PBXSourcesBuildPhase;
			buildActionMask = 2147483647;
			files = (
				69D4C401244338E9002DF43A /* ViewController.swift in Sources */,
				69D4C3FD244338E9002DF43A /* AppDelegate.swift in Sources */,
				69D4C3FF244338E9002DF43A /* SceneDelegate.swift in Sources */,
			);
			runOnlyForDeploymentPostprocessing = 0;
		};
/* End PBXSourcesBuildPhase section */

/* Begin PBXVariantGroup section */
		69D4C402244338E9002DF43A /* Main.storyboard */ = {
			isa = PBXVariantGroup;
			children = (
				69D4C403244338E9002DF43A /* Base */,
			);
			name = Main.storyboard;
			sourceTree = "<group>";
		};
		69D4C407244338EB002DF43A /* LaunchScreen.storyboard */ = {
			isa = PBXVariantGroup;
			children = (
				69D4C408244338EB002DF43A /* Base */,
			);
			name = LaunchScreen.storyboard;
			sourceTree = "<group>";
		};
/* End PBXVariantGroup section */

/* Begin XCBuildConfiguration section */
		69D4C40B244338EB002DF43A /* Debug */ = {
			isa = XCBuildConfiguration;
			buildSettings = {
				ALWAYS_SEARCH_USER_PATHS = NO;
				CLANG_ANALYZER_NONNULL = YES;
				CLANG_ANALYZER_NUMBER_OBJECT_CONVERSION = YES_AGGRESSIVE;
				CLANG_CXX_LANGUAGE_STANDARD = "gnu++14";
				CLANG_CXX_LIBRARY = "libc++";
				CLANG_ENABLE_MODULES = YES;
				CLANG_ENABLE_OBJC_ARC = YES;
				CLANG_ENABLE_OBJC_WEAK = YES;
				CLANG_WARN_BLOCK_CAPTURE_AUTORELEASING = YES;
				CLANG_WARN_BOOL_CONVERSION = YES;
				CLANG_WARN_COMMA = YES;
				CLANG_WARN_CONSTANT_CONVERSION = YES;
				CLANG_WARN_DEPRECATED_OBJC_IMPLEMENTATIONS = YES;
				CLANG_WARN_DIRECT_OBJC_ISA_USAGE = YES_ERROR;
				CLANG_WARN_DOCUMENTATION_COMMENTS = YES;
				CLANG_WARN_EMPTY_BODY = YES;
				CLANG_WARN_ENUM_CONVERSION = YES;
				CLANG_WARN_INFINITE_RECURSION = YES;
				CLANG_WARN_INT_CONVERSION = YES;
				CLANG_WARN_NON_LITERAL_NULL_CONVERSION = YES;
				CLANG_WARN_OBJC_IMPLICIT_RETAIN_SELF = YES;
				CLANG_WARN_OBJC_LITERAL_CONVERSION = YES;
				CLANG_WARN_OBJC_ROOT_CLASS = YES_ERROR;
				CLANG_WARN_RANGE_LOOP_ANALYSIS = YES;
				CLANG_WARN_STRICT_PROTOTYPES = YES;
				CLANG_WARN_SUSPICIOUS_MOVE = YES;
				CLANG_WARN_UNGUARDED_AVAILABILITY = YES_AGGRESSIVE;
				CLANG_WARN_UNREACHABLE_CODE = YES;
				CLANG_WARN__DUPLICATE_METHOD_MATCH = YES;
				COPY_PHASE_STRIP = NO;
				DEBUG_INFORMATION_FORMAT = dwarf;
				ENABLE_STRICT_OBJC_MSGSEND = YES;
				ENABLE_TESTABILITY = YES;
				GCC_C_LANGUAGE_STANDARD = gnu11;
				GCC_DYNAMIC_NO_PIC = NO;
				GCC_NO_COMMON_BLOCKS = YES;
				GCC_OPTIMIZATION_LEVEL = 0;
				GCC_PREPROCESSOR_DEFINITIONS = (
					"DEBUG=1",
					"$(inherited)",
				);
				GCC_WARN_64_TO_32_BIT_CONVERSION = YES;
				GCC_WARN_ABOUT_RETURN_TYPE = YES_ERROR;
				GCC_WARN_UNDECLARED_SELECTOR = YES;
				GCC_WARN_UNINITIALIZED_AUTOS = YES_AGGRESSIVE;
				GCC_WARN_UNUSED_FUNCTION = YES;
				GCC_WARN_UNUSED_VARIABLE = YES;
				IPHONEOS_DEPLOYMENT_TARGET = 13.4;
				MTL_ENABLE_DEBUG_INFO = INCLUDE_SOURCE;
				MTL_FAST_MATH = YES;
				ONLY_ACTIVE_ARCH = YES;
				SDKROOT = iphoneos;
				SWIFT_ACTIVE_COMPILATION_CONDITIONS = DEBUG;
				SWIFT_OPTIMIZATION_LEVEL = "-Onone";
			};
			name = Debug;
		};
		69D4C40C244338EB002DF43A /* Release */ = {
			isa = XCBuildConfiguration;
			buildSettings = {
				ALWAYS_SEARCH_USER_PATHS = NO;
				CLANG_ANALYZER_NONNULL = YES;
				CLANG_ANALYZER_NUMBER_OBJECT_CONVERSION = YES_AGGRESSIVE;
				CLANG_CXX_LANGUAGE_STANDARD = "gnu++14";
				CLANG_CXX_LIBRARY = "libc++";
				CLANG_ENABLE_MODULES = YES;
				CLANG_ENABLE_OBJC_ARC = YES;
				CLANG_ENABLE_OBJC_WEAK = YES;
				CLANG_WARN_BLOCK_CAPTURE_AUTORELEASING = YES;
				CLANG_WARN_BOOL_CONVERSION = YES;
				CLANG_WARN_COMMA = YES;
				CLANG_WARN_CONSTANT_CONVERSION = YES;
				CLANG_WARN_DEPRECATED_OBJC_IMPLEMENTATIONS = YES;
				CLANG_WARN_DIRECT_OBJC_ISA_USAGE = YES_ERROR;
				CLANG_WARN_DOCUMENTATION_COMMENTS = YES;
				CLANG_WARN_EMPTY_BODY = YES;
				CLANG_WARN_ENUM_CONVERSION = YES;
				CLANG_WARN_INFINITE_RECURSION = YES;
				CLANG_WARN_INT_CONVERSION = YES;
				CLANG_WARN_NON_LITERAL_NULL_CONVERSION = YES;
				CLANG_WARN_OBJC_IMPLICIT_RETAIN_SELF = YES;
				CLANG_WARN_OBJC_LITERAL_CONVERSION = YES;
				CLANG_WARN_OBJC_ROOT_CLASS = YES_ERROR;
				CLANG_WARN_RANGE_LOOP_ANALYSIS = YES;
				CLANG_WARN_STRICT_PROTOTYPES = YES;
				CLANG_WARN_SUSPICIOUS_MOVE = YES;
				CLANG_WARN_UNGUARDED_AVAILABILITY = YES_AGGRESSIVE;
				CLANG_WARN_UNREACHABLE_CODE = YES;
				CLANG_WARN__DUPLICATE_METHOD_MATCH = YES;
				COPY_PHASE_STRIP = NO;
				DEBUG_INFORMATION_FORMAT = "dwarf-with-dsym";
				ENABLE_NS_ASSERTIONS = NO;
				ENABLE_STRICT_OBJC_MSGSEND = YES;
				GCC_C_LANGUAGE_STANDARD = gnu11;
				GCC_NO_COMMON_BLOCKS = YES;
				GCC_WARN_64_TO_32_BIT_CONVERSION = YES;
				GCC_WARN_ABOUT_RETURN_TYPE = YES_ERROR;
				GCC_WARN_UNDECLARED_SELECTOR = YES;
				GCC_WARN_UNINITIALIZED_AUTOS = YES_AGGRESSIVE;
				GCC_WARN_UNUSED_FUNCTION = YES;
				GCC_WARN_UNUSED_VARIABLE = YES;
				IPHONEOS_DEPLOYMENT_TARGET = 13.4;
				MTL_ENABLE_DEBUG_INFO = NO;
				MTL_FAST_MATH = YES;
				SDKROOT = iphoneos;
				SWIFT_COMPILATION_MODE = wholemodule;
				SWIFT_OPTIMIZATION_LEVEL = "-O";
				VALIDATE_PRODUCT = YES;
			};
			name = Release;
		};
		69D4C40E244338EB002DF43A /* Debug */ = {
			isa = XCBuildConfiguration;
			buildSettings = {
				ASSETCATALOG_COMPILER_APPICON_NAME = AppIcon;
				CODE_SIGN_STYLE = Automatic;
				DEVELOPMENT_TEAM = 7DMVGZX3SG;
				INFOPLIST_FILE = "alert-generator/Info.plist";
				LD_RUNPATH_SEARCH_PATHS = (
					"$(inherited)",
					"@executable_path/Frameworks",
				);
				PRODUCT_BUNDLE_IDENTIFIER = "Athanasios-Canko.alert-generator";
				PRODUCT_NAME = "$(TARGET_NAME)";
				SWIFT_VERSION = 5.0;
				TARGETED_DEVICE_FAMILY = 1;
			};
			name = Debug;
		};
		69D4C40F244338EB002DF43A /* Release */ = {
			isa = XCBuildConfiguration;
			buildSettings = {
				ASSETCATALOG_COMPILER_APPICON_NAME = AppIcon;
				CODE_SIGN_STYLE = Automatic;
				DEVELOPMENT_TEAM = 7DMVGZX3SG;
				INFOPLIST_FILE = "alert-generator/Info.plist";
				LD_RUNPATH_SEARCH_PATHS = (
					"$(inherited)",
					"@executable_path/Frameworks",
				);
				PRODUCT_BUNDLE_IDENTIFIER = "Athanasios-Canko.alert-generator";
				PRODUCT_NAME = "$(TARGET_NAME)";
				SWIFT_VERSION = 5.0;
				TARGETED_DEVICE_FAMILY = 1;
			};
			name = Release;
		};
/* End XCBuildConfiguration section */

/* Begin XCConfigurationList section */
		69D4C3F4244338E9002DF43A /* Build configuration list for PBXProject "alert-generator" */ = {
			isa = XCConfigurationList;
			buildConfigurations = (
				69D4C40B244338EB002DF43A /* Debug */,
				69D4C40C244338EB002DF43A /* Release */,
			);
			defaultConfigurationIsVisible = 0;
			defaultConfigurationName = Release;
		};
		69D4C40D244338EB002DF43A /* Build configuration list for PBXNativeTarget "alert-generator" */ = {
			isa = XCConfigurationList;
			buildConfigurations = (
				69D4C40E244338EB002DF43A /* Debug */,
				69D4C40F244338EB002DF43A /* Release */,
			);
			defaultConfigurationIsVisible = 0;
			defaultConfigurationName = Release;
		};
/* End XCConfigurationList section */
	};
	rootObject = 69D4C3F1244338E9002DF43A /* Project object */;
}
