// !$*UTF8*$!
{
	archiveVersion = 1;
	classes = {
	};
	objectVersion = 50;
	objects = {

/* Begin PBXBuildFile section */
		69BC7EF02461FD5900ACD708 /* AppDelegate.swift in Sources */ = {isa = PBXBuildFile; fileRef = 69BC7EEF2461FD5900ACD708 /* AppDelegate.swift */; };
		69BC7EF22461FD5900ACD708 /* SceneDelegate.swift in Sources */ = {isa = PBXBuildFile; fileRef = 69BC7EF12461FD5900ACD708 /* SceneDelegate.swift */; };
		69BC7EF42461FD5900ACD708 /* ViewController.swift in Sources */ = {isa = PBXBuildFile; fileRef = 69BC7EF32461FD5900ACD708 /* ViewController.swift */; };
		69BC7EF72461FD5900ACD708 /* Main.storyboard in Resources */ = {isa = PBXBuildFile; fileRef = 69BC7EF52461FD5900ACD708 /* Main.storyboard */; };
		69BC7EF92461FD5B00ACD708 /* Assets.xcassets in Resources */ = {isa = PBXBuildFile; fileRef = 69BC7EF82461FD5B00ACD708 /* Assets.xcassets */; };
		69BC7EFC2461FD5B00ACD708 /* LaunchScreen.storyboard in Resources */ = {isa = PBXBuildFile; fileRef = 69BC7EFA2461FD5B00ACD708 /* LaunchScreen.storyboard */; };
		69BC7F0A2461FDAC00ACD708 /* KeyboardViewController.swift in Sources */ = {isa = PBXBuildFile; fileRef = 69BC7F092461FDAC00ACD708 /* KeyboardViewController.swift */; };
		69BC7F0E2461FDAC00ACD708 /* hodor.appex in Embed App Extensions */ = {isa = PBXBuildFile; fileRef = 69BC7F072461FDAC00ACD708 /* hodor.appex */; settings = {ATTRIBUTES = (RemoveHeadersOnCopy, ); }; };
		69BC7F142462037200ACD708 /* lr1.jpg in Resources */ = {isa = PBXBuildFile; fileRef = 69BC7F132462037200ACD708 /* lr1.jpg */; };
/* End PBXBuildFile section */

/* Begin PBXContainerItemProxy section */
		69BC7F0C2461FDAC00ACD708 /* PBXContainerItemProxy */ = {
			isa = PBXContainerItemProxy;
			containerPortal = 69BC7EE42461FD5900ACD708 /* Project object */;
			proxyType = 1;
			remoteGlobalIDString = 69BC7F062461FDAC00ACD708;
			remoteInfo = hodor;
		};
/* End PBXContainerItemProxy section */

/* Begin PBXCopyFilesBuildPhase section */
		69BC7F122461FDAC00ACD708 /* Embed App Extensions */ = {
			isa = PBXCopyFilesBuildPhase;
			buildActionMask = 2147483647;
			dstPath = "";
			dstSubfolderSpec = 13;
			files = (
				69BC7F0E2461FDAC00ACD708 /* hodor.appex in Embed App Extensions */,
			);
			name = "Embed App Extensions";
			runOnlyForDeploymentPostprocessing = 0;
		};
/* End PBXCopyFilesBuildPhase section */

/* Begin PBXFileReference section */
		69BC7EEC2461FD5900ACD708 /* hodor-keyboard.app */ = {isa = PBXFileReference; explicitFileType = wrapper.application; includeInIndex = 0; path = "hodor-keyboard.app"; sourceTree = BUILT_PRODUCTS_DIR; };
		69BC7EEF2461FD5900ACD708 /* AppDelegate.swift */ = {isa = PBXFileReference; lastKnownFileType = sourcecode.swift; path = AppDelegate.swift; sourceTree = "<group>"; };
		69BC7EF12461FD5900ACD708 /* SceneDelegate.swift */ = {isa = PBXFileReference; lastKnownFileType = sourcecode.swift; path = SceneDelegate.swift; sourceTree = "<group>"; };
		69BC7EF32461FD5900ACD708 /* ViewController.swift */ = {isa = PBXFileReference; lastKnownFileType = sourcecode.swift; path = ViewController.swift; sourceTree = "<group>"; };
		69BC7EF62461FD5900ACD708 /* Base */ = {isa = PBXFileReference; lastKnownFileType = file.storyboard; name = Base; path = Base.lproj/Main.storyboard; sourceTree = "<group>"; };
		69BC7EF82461FD5B00ACD708 /* Assets.xcassets */ = {isa = PBXFileReference; lastKnownFileType = folder.assetcatalog; path = Assets.xcassets; sourceTree = "<group>"; };
		69BC7EFB2461FD5B00ACD708 /* Base */ = {isa = PBXFileReference; lastKnownFileType = file.storyboard; name = Base; path = Base.lproj/LaunchScreen.storyboard; sourceTree = "<group>"; };
		69BC7EFD2461FD5B00ACD708 /* Info.plist */ = {isa = PBXFileReference; lastKnownFileType = text.plist.xml; path = Info.plist; sourceTree = "<group>"; };
		69BC7F072461FDAC00ACD708 /* hodor.appex */ = {isa = PBXFileReference; explicitFileType = "wrapper.app-extension"; includeInIndex = 0; path = hodor.appex; sourceTree = BUILT_PRODUCTS_DIR; };
		69BC7F092461FDAC00ACD708 /* KeyboardViewController.swift */ = {isa = PBXFileReference; lastKnownFileType = sourcecode.swift; path = KeyboardViewController.swift; sourceTree = "<group>"; };
		69BC7F0B2461FDAC00ACD708 /* Info.plist */ = {isa = PBXFileReference; lastKnownFileType = text.plist.xml; path = Info.plist; sourceTree = "<group>"; };
		69BC7F132462037200ACD708 /* lr1.jpg */ = {isa = PBXFileReference; lastKnownFileType = image.jpeg; path = lr1.jpg; sourceTree = "<group>"; };
/* End PBXFileReference section */

/* Begin PBXFrameworksBuildPhase section */
		69BC7EE92461FD5900ACD708 /* Frameworks */ = {
			isa = PBXFrameworksBuildPhase;
			buildActionMask = 2147483647;
			files = (
			);
			runOnlyForDeploymentPostprocessing = 0;
		};
		69BC7F042461FDAC00ACD708 /* Frameworks */ = {
			isa = PBXFrameworksBuildPhase;
			buildActionMask = 2147483647;
			files = (
			);
			runOnlyForDeploymentPostprocessing = 0;
		};
/* End PBXFrameworksBuildPhase section */

/* Begin PBXGroup section */
		69BC7EE32461FD5900ACD708 = {
			isa = PBXGroup;
			children = (
				69BC7EEE2461FD5900ACD708 /* hodor-keyboard */,
				69BC7F082461FDAC00ACD708 /* hodor */,
				69BC7EED2461FD5900ACD708 /* Products */,
			);
			sourceTree = "<group>";
		};
		69BC7EED2461FD5900ACD708 /* Products */ = {
			isa = PBXGroup;
			children = (
				69BC7EEC2461FD5900ACD708 /* hodor-keyboard.app */,
				69BC7F072461FDAC00ACD708 /* hodor.appex */,
			);
			name = Products;
			sourceTree = "<group>";
		};
		69BC7EEE2461FD5900ACD708 /* hodor-keyboard */ = {
			isa = PBXGroup;
			children = (
				69BC7EEF2461FD5900ACD708 /* AppDelegate.swift */,
				69BC7EF12461FD5900ACD708 /* SceneDelegate.swift */,
				69BC7EF32461FD5900ACD708 /* ViewController.swift */,
				69BC7EF52461FD5900ACD708 /* Main.storyboard */,
				69BC7EF82461FD5B00ACD708 /* Assets.xcassets */,
				69BC7EFA2461FD5B00ACD708 /* LaunchScreen.storyboard */,
				69BC7EFD2461FD5B00ACD708 /* Info.plist */,
			);
			path = "hodor-keyboard";
			sourceTree = "<group>";
		};
		69BC7F082461FDAC00ACD708 /* hodor */ = {
			isa = PBXGroup;
			children = (
				69BC7F132462037200ACD708 /* lr1.jpg */,
				69BC7F092461FDAC00ACD708 /* KeyboardViewController.swift */,
				69BC7F0B2461FDAC00ACD708 /* Info.plist */,
			);
			path = hodor;
			sourceTree = "<group>";
		};
/* End PBXGroup section */

/* Begin PBXNativeTarget section */
		69BC7EEB2461FD5900ACD708 /* hodor-keyboard */ = {
			isa = PBXNativeTarget;
			buildConfigurationList = 69BC7F002461FD5B00ACD708 /* Build configuration list for PBXNativeTarget "hodor-keyboard" */;
			buildPhases = (
				69BC7EE82461FD5900ACD708 /* Sources */,
				69BC7EE92461FD5900ACD708 /* Frameworks */,
				69BC7EEA2461FD5900ACD708 /* Resources */,
				69BC7F122461FDAC00ACD708 /* Embed App Extensions */,
			);
			buildRules = (
			);
			dependencies = (
				69BC7F0D2461FDAC00ACD708 /* PBXTargetDependency */,
			);
			name = "hodor-keyboard";
			productName = "hodor-keyboard";
			productReference = 69BC7EEC2461FD5900ACD708 /* hodor-keyboard.app */;
			productType = "com.apple.product-type.application";
		};
		69BC7F062461FDAC00ACD708 /* hodor */ = {
			isa = PBXNativeTarget;
			buildConfigurationList = 69BC7F0F2461FDAC00ACD708 /* Build configuration list for PBXNativeTarget "hodor" */;
			buildPhases = (
				69BC7F032461FDAC00ACD708 /* Sources */,
				69BC7F042461FDAC00ACD708 /* Frameworks */,
				69BC7F052461FDAC00ACD708 /* Resources */,
			);
			buildRules = (
			);
			dependencies = (
			);
			name = hodor;
			productName = hodor;
			productReference = 69BC7F072461FDAC00ACD708 /* hodor.appex */;
			productType = "com.apple.product-type.app-extension";
		};
/* End PBXNativeTarget section */

/* Begin PBXProject section */
		69BC7EE42461FD5900ACD708 /* Project object */ = {
			isa = PBXProject;
			attributes = {
				LastSwiftUpdateCheck = 1140;
				LastUpgradeCheck = 1140;
				ORGANIZATIONNAME = "Athanasios Canko";
				TargetAttributes = {
					69BC7EEB2461FD5900ACD708 = {
						CreatedOnToolsVersion = 11.4.1;
					};
					69BC7F062461FDAC00ACD708 = {
						CreatedOnToolsVersion = 11.4.1;
					};
				};
			};
			buildConfigurationList = 69BC7EE72461FD5900ACD708 /* Build configuration list for PBXProject "hodor-keyboard" */;
			compatibilityVersion = "Xcode 9.3";
			developmentRegion = en;
			hasScannedForEncodings = 0;
			knownRegions = (
				en,
				Base,
			);
			mainGroup = 69BC7EE32461FD5900ACD708;
			productRefGroup = 69BC7EED2461FD5900ACD708 /* Products */;
			projectDirPath = "";
			projectRoot = "";
			targets = (
				69BC7EEB2461FD5900ACD708 /* hodor-keyboard */,
				69BC7F062461FDAC00ACD708 /* hodor */,
			);
		};
/* End PBXProject section */

/* Begin PBXResourcesBuildPhase section */
		69BC7EEA2461FD5900ACD708 /* Resources */ = {
			isa = PBXResourcesBuildPhase;
			buildActionMask = 2147483647;
			files = (
				69BC7EFC2461FD5B00ACD708 /* LaunchScreen.storyboard in Resources */,
				69BC7EF92461FD5B00ACD708 /* Assets.xcassets in Resources */,
				69BC7EF72461FD5900ACD708 /* Main.storyboard in Resources */,
			);
			runOnlyForDeploymentPostprocessing = 0;
		};
		69BC7F052461FDAC00ACD708 /* Resources */ = {
			isa = PBXResourcesBuildPhase;
			buildActionMask = 2147483647;
			files = (
				69BC7F142462037200ACD708 /* lr1.jpg in Resources */,
			);
			runOnlyForDeploymentPostprocessing = 0;
		};
/* End PBXResourcesBuildPhase section */

/* Begin PBXSourcesBuildPhase section */
		69BC7EE82461FD5900ACD708 /* Sources */ = {
			isa = PBXSourcesBuildPhase;
			buildActionMask = 2147483647;
			files = (
				69BC7EF42461FD5900ACD708 /* ViewController.swift in Sources */,
				69BC7EF02461FD5900ACD708 /* AppDelegate.swift in Sources */,
				69BC7EF22461FD5900ACD708 /* SceneDelegate.swift in Sources */,
			);
			runOnlyForDeploymentPostprocessing = 0;
		};
		69BC7F032461FDAC00ACD708 /* Sources */ = {
			isa = PBXSourcesBuildPhase;
			buildActionMask = 2147483647;
			files = (
				69BC7F0A2461FDAC00ACD708 /* KeyboardViewController.swift in Sources */,
			);
			runOnlyForDeploymentPostprocessing = 0;
		};
/* End PBXSourcesBuildPhase section */

/* Begin PBXTargetDependency section */
		69BC7F0D2461FDAC00ACD708 /* PBXTargetDependency */ = {
			isa = PBXTargetDependency;
			target = 69BC7F062461FDAC00ACD708 /* hodor */;
			targetProxy = 69BC7F0C2461FDAC00ACD708 /* PBXContainerItemProxy */;
		};
/* End PBXTargetDependency section */

/* Begin PBXVariantGroup section */
		69BC7EF52461FD5900ACD708 /* Main.storyboard */ = {
			isa = PBXVariantGroup;
			children = (
				69BC7EF62461FD5900ACD708 /* Base */,
			);
			name = Main.storyboard;
			sourceTree = "<group>";
		};
		69BC7EFA2461FD5B00ACD708 /* LaunchScreen.storyboard */ = {
			isa = PBXVariantGroup;
			children = (
				69BC7EFB2461FD5B00ACD708 /* Base */,
			);
			name = LaunchScreen.storyboard;
			sourceTree = "<group>";
		};
/* End PBXVariantGroup section */

/* Begin XCBuildConfiguration section */
		69BC7EFE2461FD5B00ACD708 /* Debug */ = {
			isa = XCBuildConfiguration;
			buildSettings = {
				ALWAYS_SEARCH_USER_PATHS = NO;
				CLANG_ANALYZER_NONNULL = YES;
				CLANG_ANALYZER_NUMBER_OBJECT_CONVERSION = YES_AGGRESSIVE;
				CLANG_CXX_LANGUAGE_STANDARD = "gnu++14";
				CLANG_CXX_LIBRARY = "libc++";
				CLANG_ENABLE_MODULES = YES;
				CLANG_ENABLE_OBJC_ARC = YES;
				CLANG_ENABLE_OBJC_WEAK = YES;
				CLANG_WARN_BLOCK_CAPTURE_AUTORELEASING = YES;
				CLANG_WARN_BOOL_CONVERSION = YES;
				CLANG_WARN_COMMA = YES;
				CLANG_WARN_CONSTANT_CONVERSION = YES;
				CLANG_WARN_DEPRECATED_OBJC_IMPLEMENTATIONS = YES;
				CLANG_WARN_DIRECT_OBJC_ISA_USAGE = YES_ERROR;
				CLANG_WARN_DOCUMENTATION_COMMENTS = YES;
				CLANG_WARN_EMPTY_BODY = YES;
				CLANG_WARN_ENUM_CONVERSION = YES;
				CLANG_WARN_INFINITE_RECURSION = YES;
				CLANG_WARN_INT_CONVERSION = YES;
				CLANG_WARN_NON_LITERAL_NULL_CONVERSION = YES;
				CLANG_WARN_OBJC_IMPLICIT_RETAIN_SELF = YES;
				CLANG_WARN_OBJC_LITERAL_CONVERSION = YES;
				CLANG_WARN_OBJC_ROOT_CLASS = YES_ERROR;
				CLANG_WARN_RANGE_LOOP_ANALYSIS = YES;
				CLANG_WARN_STRICT_PROTOTYPES = YES;
				CLANG_WARN_SUSPICIOUS_MOVE = YES;
				CLANG_WARN_UNGUARDED_AVAILABILITY = YES_AGGRESSIVE;
				CLANG_WARN_UNREACHABLE_CODE = YES;
				CLANG_WARN__DUPLICATE_METHOD_MATCH = YES;
				COPY_PHASE_STRIP = NO;
				DEBUG_INFORMATION_FORMAT = dwarf;
				ENABLE_STRICT_OBJC_MSGSEND = YES;
				ENABLE_TESTABILITY = YES;
				GCC_C_LANGUAGE_STANDARD = gnu11;
				GCC_DYNAMIC_NO_PIC = NO;
				GCC_NO_COMMON_BLOCKS = YES;
				GCC_OPTIMIZATION_LEVEL = 0;
				GCC_PREPROCESSOR_DEFINITIONS = (
					"DEBUG=1",
					"$(inherited)",
				);
				GCC_WARN_64_TO_32_BIT_CONVERSION = YES;
				GCC_WARN_ABOUT_RETURN_TYPE = YES_ERROR;
				GCC_WARN_UNDECLARED_SELECTOR = YES;
				GCC_WARN_UNINITIALIZED_AUTOS = YES_AGGRESSIVE;
				GCC_WARN_UNUSED_FUNCTION = YES;
				GCC_WARN_UNUSED_VARIABLE = YES;
				IPHONEOS_DEPLOYMENT_TARGET = 13.4;
				MTL_ENABLE_DEBUG_INFO = INCLUDE_SOURCE;
				MTL_FAST_MATH = YES;
				ONLY_ACTIVE_ARCH = YES;
				SDKROOT = iphoneos;
				SWIFT_ACTIVE_COMPILATION_CONDITIONS = DEBUG;
				SWIFT_OPTIMIZATION_LEVEL = "-Onone";
			};
			name = Debug;
		};
		69BC7EFF2461FD5B00ACD708 /* Release */ = {
			isa = XCBuildConfiguration;
			buildSettings = {
				ALWAYS_SEARCH_USER_PATHS = NO;
				CLANG_ANALYZER_NONNULL = YES;
				CLANG_ANALYZER_NUMBER_OBJECT_CONVERSION = YES_AGGRESSIVE;
				CLANG_CXX_LANGUAGE_STANDARD = "gnu++14";
				CLANG_CXX_LIBRARY = "libc++";
				CLANG_ENABLE_MODULES = YES;
				CLANG_ENABLE_OBJC_ARC = YES;
				CLANG_ENABLE_OBJC_WEAK = YES;
				CLANG_WARN_BLOCK_CAPTURE_AUTORELEASING = YES;
				CLANG_WARN_BOOL_CONVERSION = YES;
				CLANG_WARN_COMMA = YES;
				CLANG_WARN_CONSTANT_CONVERSION = YES;
				CLANG_WARN_DEPRECATED_OBJC_IMPLEMENTATIONS = YES;
				CLANG_WARN_DIRECT_OBJC_ISA_USAGE = YES_ERROR;
				CLANG_WARN_DOCUMENTATION_COMMENTS = YES;
				CLANG_WARN_EMPTY_BODY = YES;
				CLANG_WARN_ENUM_CONVERSION = YES;
				CLANG_WARN_INFINITE_RECURSION = YES;
				CLANG_WARN_INT_CONVERSION = YES;
				CLANG_WARN_NON_LITERAL_NULL_CONVERSION = YES;
				CLANG_WARN_OBJC_IMPLICIT_RETAIN_SELF = YES;
				CLANG_WARN_OBJC_LITERAL_CONVERSION = YES;
				CLANG_WARN_OBJC_ROOT_CLASS = YES_ERROR;
				CLANG_WARN_RANGE_LOOP_ANALYSIS = YES;
				CLANG_WARN_STRICT_PROTOTYPES = YES;
				CLANG_WARN_SUSPICIOUS_MOVE = YES;
				CLANG_WARN_UNGUARDED_AVAILABILITY = YES_AGGRESSIVE;
				CLANG_WARN_UNREACHABLE_CODE = YES;
				CLANG_WARN__DUPLICATE_METHOD_MATCH = YES;
				COPY_PHASE_STRIP = NO;
				DEBUG_INFORMATION_FORMAT = "dwarf-with-dsym";
				ENABLE_NS_ASSERTIONS = NO;
				ENABLE_STRICT_OBJC_MSGSEND = YES;
				GCC_C_LANGUAGE_STANDARD = gnu11;
				GCC_NO_COMMON_BLOCKS = YES;
				GCC_WARN_64_TO_32_BIT_CONVERSION = YES;
				GCC_WARN_ABOUT_RETURN_TYPE = YES_ERROR;
				GCC_WARN_UNDECLARED_SELECTOR = YES;
				GCC_WARN_UNINITIALIZED_AUTOS = YES_AGGRESSIVE;
				GCC_WARN_UNUSED_FUNCTION = YES;
				GCC_WARN_UNUSED_VARIABLE = YES;
				IPHONEOS_DEPLOYMENT_TARGET = 13.4;
				MTL_ENABLE_DEBUG_INFO = NO;
				MTL_FAST_MATH = YES;
				SDKROOT = iphoneos;
				SWIFT_COMPILATION_MODE = wholemodule;
				SWIFT_OPTIMIZATION_LEVEL = "-O";
				VALIDATE_PRODUCT = YES;
			};
			name = Release;
		};
		69BC7F012461FD5B00ACD708 /* Debug */ = {
			isa = XCBuildConfiguration;
			buildSettings = {
				ALWAYS_EMBED_SWIFT_STANDARD_LIBRARIES = YES;
				ASSETCATALOG_COMPILER_APPICON_NAME = AppIcon;
				CODE_SIGN_STYLE = Automatic;
				DEVELOPMENT_TEAM = 7DMVGZX3SG;
				INFOPLIST_FILE = "hodor-keyboard/Info.plist";
				LD_RUNPATH_SEARCH_PATHS = (
					"$(inherited)",
					"@executable_path/Frameworks",
				);
				PRODUCT_BUNDLE_IDENTIFIER = "Athanasios-Canko.hodor-keyboard";
				PRODUCT_NAME = "$(TARGET_NAME)";
				SWIFT_VERSION = 5.0;
				TARGETED_DEVICE_FAMILY = 1;
			};
			name = Debug;
		};
		69BC7F022461FD5B00ACD708 /* Release */ = {
			isa = XCBuildConfiguration;
			buildSettings = {
				ALWAYS_EMBED_SWIFT_STANDARD_LIBRARIES = YES;
				ASSETCATALOG_COMPILER_APPICON_NAME = AppIcon;
				CODE_SIGN_STYLE = Automatic;
				DEVELOPMENT_TEAM = 7DMVGZX3SG;
				INFOPLIST_FILE = "hodor-keyboard/Info.plist";
				LD_RUNPATH_SEARCH_PATHS = (
					"$(inherited)",
					"@executable_path/Frameworks",
				);
				PRODUCT_BUNDLE_IDENTIFIER = "Athanasios-Canko.hodor-keyboard";
				PRODUCT_NAME = "$(TARGET_NAME)";
				SWIFT_VERSION = 5.0;
				TARGETED_DEVICE_FAMILY = 1;
			};
			name = Release;
		};
		69BC7F102461FDAC00ACD708 /* Debug */ = {
			isa = XCBuildConfiguration;
			buildSettings = {
				CODE_SIGN_STYLE = Automatic;
				DEVELOPMENT_TEAM = 7DMVGZX3SG;
				INFOPLIST_FILE = hodor/Info.plist;
				LD_RUNPATH_SEARCH_PATHS = (
					"$(inherited)",
					"@executable_path/Frameworks",
					"@executable_path/../../Frameworks",
				);
				PRODUCT_BUNDLE_IDENTIFIER = "Athanasios-Canko.hodor-keyboard.hodor";
				PRODUCT_NAME = "$(TARGET_NAME)";
				SKIP_INSTALL = YES;
				SWIFT_VERSION = 5.0;
				TARGETED_DEVICE_FAMILY = "1,2";
			};
			name = Debug;
		};
		69BC7F112461FDAC00ACD708 /* Release */ = {
			isa = XCBuildConfiguration;
			buildSettings = {
				CODE_SIGN_STYLE = Automatic;
				DEVELOPMENT_TEAM = 7DMVGZX3SG;
				INFOPLIST_FILE = hodor/Info.plist;
				LD_RUNPATH_SEARCH_PATHS = (
					"$(inherited)",
					"@executable_path/Frameworks",
					"@executable_path/../../Frameworks",
				);
				PRODUCT_BUNDLE_IDENTIFIER = "Athanasios-Canko.hodor-keyboard.hodor";
				PRODUCT_NAME = "$(TARGET_NAME)";
				SKIP_INSTALL = YES;
				SWIFT_VERSION = 5.0;
				TARGETED_DEVICE_FAMILY = "1,2";
			};
			name = Release;
		};
/* End XCBuildConfiguration section */

/* Begin XCConfigurationList section */
		69BC7EE72461FD5900ACD708 /* Build configuration list for PBXProject "hodor-keyboard" */ = {
			isa = XCConfigurationList;
			buildConfigurations = (
				69BC7EFE2461FD5B00ACD708 /* Debug */,
				69BC7EFF2461FD5B00ACD708 /* Release */,
			);
			defaultConfigurationIsVisible = 0;
			defaultConfigurationName = Release;
		};
		69BC7F002461FD5B00ACD708 /* Build configuration list for PBXNativeTarget "hodor-keyboard" */ = {
			isa = XCConfigurationList;
			buildConfigurations = (
				69BC7F012461FD5B00ACD708 /* Debug */,
				69BC7F022461FD5B00ACD708 /* Release */,
			);
			defaultConfigurationIsVisible = 0;
			defaultConfigurationName = Release;
		};
		69BC7F0F2461FDAC00ACD708 /* Build configuration list for PBXNativeTarget "hodor" */ = {
			isa = XCConfigurationList;
			buildConfigurations = (
				69BC7F102461FDAC00ACD708 /* Debug */,
				69BC7F112461FDAC00ACD708 /* Release */,
			);
			defaultConfigurationIsVisible = 0;
			defaultConfigurationName = Release;
		};
/* End XCConfigurationList section */
	};
	rootObject = 69BC7EE42461FD5900ACD708 /* Project object */;
}
